{
  "name": "uga",
  "version": "1.0.0",
  "lockfileVersion": 3,
  "requires": true,
  "packages": {
    "": {
      "name": "uga",
      "version": "1.0.0",
      "license": "ISC",
      "dependencies": {
        "@yashvardhandhondge/medium": "^1.0.5"
      }
    },
    "node_modules/@yashvardhandhondge/medium": {
      "version": "1.0.5",
      "resolved": "https://registry.npmjs.org/@yashvardhandhondge/medium/-/medium-1.0.5.tgz",
      "integrity": "sha512-P6IBdn1b8fXASOR5151g0jYvV2BULQVe5eJae5Glbc1fhrJdtIcLHA6Kw1Jku6sBcaTcMo3eFBrck0WS0U3hnQ==",
      "license": "ISC",
      "dependencies": {
        "zod": "^3.23.8"
      }
    },
    "node_modules/zod": {
      "version": "3.23.8",
      "resolved": "https://registry.npmjs.org/zod/-/zod-3.23.8.tgz",
      "integrity": "sha512-XBx9AXhXktjUqnepgTiE5flcKIYWi/rme0Eaj+5Y0lftuGBq+jyRu/md4WnuxqgP1ubdpNCsYEYPxrzVHD8d6g==",
      "license": "MIT",
      "funding": {
        "url": "https://github.com/sponsors/colinhacks"
      }
    }
  }
}
